# Run ./gradlew --write-locks to regenerate this file
com.google.android:annotations:4.1.1.4 (1 constraints: 6e08d68b)
com.google.api.grpc:proto-google-common-protos:2.0.1 (1 constraints: d109cda9)
com.google.code.findbugs:jsr305:3.0.2 (5 constraints: 372c8820)
com.google.code.gson:gson:2.8.9 (1 constraints: 1908417b)
com.google.errorprone:error_prone_annotations:2.11.0 (6 constraints: f932bfc2)
com.google.guava:failureaccess:1.0.1 (1 constraints: 140ae1b4)
com.google.guava:guava:31.1-jre (7 constraints: 29521931)
com.google.guava:listenablefuture:9999.0-empty-to-avoid-conflict-with-guava (1 constraints: bd17c918)
com.google.j2objc:j2objc-annotations:1.3 (1 constraints: b809eda0)
com.google.protobuf:protobuf-java:3.19.4 (3 constraints: 8232bc18)
com.palantir.aip.processors.api:aip-processor-api:0.2.0 (1 constraints: 0405f135)
info.picocli:picocli:4.6.3 (1 constraints: 0f051436)
io.grpc:grpc-api:1.46.0 (5 constraints: bd2b5e26)
io.grpc:grpc-context:1.46.0 (1 constraints: d207a478)
io.grpc:grpc-core:1.46.0 (1 constraints: 620b84e4)
io.grpc:grpc-netty-shaded:1.46.0 (1 constraints: 3d05473b)
io.grpc:grpc-protobuf:1.46.0 (1 constraints: d314d3a1)
io.grpc:grpc-protobuf-lite:1.46.0 (1 constraints: 090aeab3)
io.grpc:grpc-stub:1.46.0 (2 constraints: 0f1a0c12)
io.perfmark:perfmark-api:0.25.0 (2 constraints: 9a132a88)
org.checkerframework:checker-qual:3.12.0 (1 constraints: 480a3bbf)
org.codehaus.mojo:animal-sniffer-annotations:1.19 (1 constraints: e3072173)
org.immutables:value:2.8.8 (1 constraints: 14051536)
