# Run ./gradlew --write-locks to regenerate this file
com.google.android:annotations:4.1.1.4 (1 constraints: 6e08d68b)
com.google.api.grpc:proto-google-common-protos:2.0.1 (1 constraints: d109cda9)
com.google.code.findbugs:jsr305:3.0.2 (7 constraints: 603c1bc0)
com.google.code.gson:gson:2.8.6 (1 constraints: 16083e7b)
com.google.errorprone:error_prone_annotations:2.6.0 (7 constraints: 6b3c20c5)
com.google.guava:failureaccess:1.0.1 (1 constraints: 140ae1b4)
com.google.guava:guava:30.1.1-jre (6 constraints: 3e4249a8)
com.google.guava:listenablefuture:9999.0-empty-to-avoid-conflict-with-guava (1 constraints: bd17c918)
com.google.j2objc:j2objc-annotations:1.3 (1 constraints: b809eda0)
com.google.protobuf:protobuf-java:3.15.6 (2 constraints: db1eefdb)
com.palantir.aip.processors.api:aip-processor-api:0.0.1 (1 constraints: 0305ec35)
info.picocli:picocli:4.6.1 (1 constraints: 0d051236)
io.grpc:grpc-api:1.36.1 (5 constraints: bd2b4f26)
io.grpc:grpc-context:1.36.1 (1 constraints: d207a178)
io.grpc:grpc-core:1.36.1 (1 constraints: 620b81e4)
io.grpc:grpc-netty-shaded:1.36.1 (1 constraints: 3d05443b)
io.grpc:grpc-protobuf:1.36.1 (1 constraints: d314d4a1)
io.grpc:grpc-protobuf-lite:1.36.1 (1 constraints: 090ae7b3)
io.grpc:grpc-stub:1.36.1 (2 constraints: 0f1a0a12)
io.perfmark:perfmark-api:0.23.0 (1 constraints: 3b085f83)
org.checkerframework:checker-qual:3.8.0 (1 constraints: 1d0a02b5)
org.codehaus.mojo:animal-sniffer-annotations:1.19 (5 constraints: 7c2cc927)
org.immutables:value:2.8.8 (1 constraints: 14051536)
org.slf4j:slf4j-api:1.7.30 (1 constraints: 3d05453b)

[Test dependencies]
junit:junit:4.13.2 (2 constraints: 8b15aacb)
net.bytebuddy:byte-buddy:1.10.20 (1 constraints: 6e0ba2e9)
net.bytebuddy:byte-buddy-agent:1.10.20 (1 constraints: 6e0ba2e9)
org.apiguardian:apiguardian-api:1.1.0 (6 constraints: 7d64a5c6)
org.assertj:assertj-core:3.19.0 (1 constraints: 3f05503b)
org.hamcrest:hamcrest-core:1.3 (1 constraints: cc05fe3f)
org.junit.jupiter:junit-jupiter:5.7.1 (1 constraints: 0f051a36)
org.junit.jupiter:junit-jupiter-api:5.7.1 (3 constraints: 702f51dc)
org.junit.jupiter:junit-jupiter-engine:5.7.1 (1 constraints: 0a0edb3b)
org.junit.jupiter:junit-jupiter-params:5.7.1 (1 constraints: 0a0edb3b)
org.junit.platform:junit-platform-commons:1.7.1 (2 constraints: d920a14a)
org.junit.platform:junit-platform-engine:1.7.1 (2 constraints: 27216c73)
org.junit.vintage:junit-vintage-engine:5.7.1 (1 constraints: 0f051a36)
org.mockito:mockito-core:3.8.0 (1 constraints: 0d051236)
org.objenesis:objenesis:3.1 (1 constraints: b00a12bd)
org.opentest4j:opentest4j:1.2.0 (2 constraints: cd205b49)
