# Run ./gradlew --write-locks to regenerate this file
com.google.android:annotations:4.1.1.4 (1 constraints: 6e08d68b)
com.google.api.grpc:proto-google-common-protos:2.0.1 (1 constraints: d109cda9)
com.google.code.findbugs:jsr305:3.0.2 (5 constraints: 372c8820)
com.google.code.gson:gson:2.8.6 (1 constraints: 16083e7b)
com.google.errorprone:error_prone_annotations:2.8.1 (5 constraints: f929792e)
com.google.guava:failureaccess:1.0.1 (1 constraints: 140ae1b4)
com.google.guava:guava:30.1.1-jre (7 constraints: 4d50cd7e)
com.google.guava:listenablefuture:9999.0-empty-to-avoid-conflict-with-guava (1 constraints: bd17c918)
com.google.j2objc:j2objc-annotations:1.3 (1 constraints: b809eda0)
com.google.protobuf:protobuf-java:3.17.2 (3 constraints: 8032ae18)
com.palantir.aip.processors.api:aip-processor-api:0.0.3 (1 constraints: 0505ee35)
info.picocli:picocli:4.6.1 (1 constraints: 0d051236)
io.grpc:grpc-api:1.39.0 (5 constraints: c72bd928)
io.grpc:grpc-context:1.39.0 (1 constraints: d407a978)
io.grpc:grpc-core:1.39.0 (1 constraints: 640b89e4)
io.grpc:grpc-netty-shaded:1.39.0 (1 constraints: 3f054c3b)
io.grpc:grpc-protobuf:1.39.0 (1 constraints: d414d7a1)
io.grpc:grpc-protobuf-lite:1.39.0 (1 constraints: 0b0aefb3)
io.grpc:grpc-stub:1.39.0 (2 constraints: 121a8b12)
io.perfmark:perfmark-api:0.23.0 (2 constraints: 9613d887)
org.checkerframework:checker-qual:3.8.0 (1 constraints: 1d0a02b5)
org.codehaus.mojo:animal-sniffer-annotations:1.19 (1 constraints: e3072173)
org.immutables:value:2.8.8 (1 constraints: 14051536)
